{
  "nodes": {
    "nixpkgs": {
      "locked": {
        "lastModified": 1770950915,
        "narHash": "sha256-aj3KpLxWzlXNs4ekdB9kMtFEkR5pUJf4LKmvuuKNzxQ=",
        "owner": "NixOS",
        "repo": "nixpkgs",
        "rev": "29dd3361a0bbaf4b9f5de4f19644737eb89e67aa",
        "type": "github"
      },
      "original": {
        "owner": "NixOS",
        "repo": "nixpkgs",
        "type": "github"
      }
    },
    "root": {
      "inputs": {
        "nixpkgs": "nixpkgs"
      }
    }
  },
  "root": "root",
  "version": 7
}
